<?xml version="1.0" encoding="utf-8"?>
<Project ToolsVersion="4.0" xmlns="http://schemas.microsoft.com/developer/msbuild/2003">
  <ItemGroup>
    <Filter Include="Source Files">
      <UniqueIdentifier>{4FC737F1-C7A5-4376-A066-2A32D752A2FF}</UniqueIdentifier>
      <Extensions>cpp;c;cc;cxx;def;odl;idl;hpj;bat;asm;asmx</Extensions>
    </Filter>
    <Filter Include="Header Files">
      <UniqueIdentifier>{93995380-89BD-4b04-88EB-625FBE52EBFB}</UniqueIdentifier>
      <Extensions>h;hpp;hxx;hm;inl;inc;xsd</Extensions>
    </Filter>
    <Filter Include="Resource Files">
      <UniqueIdentifier>{67DA6AB6-F800-4c08-8B7A-83BB121AAD01}</UniqueIdentifier>
      <Extensions>rc;ico;cur;bmp;dlg;rc2;rct;bin;rgs;gif;jpg;jpeg;jpe;resx;tiff;tif;png;wav;mfcribbon-ms</Extensions>
    </Filter>
    <Filter Include="Source Files\squirrel">
      <UniqueIdentifier>{67eaa871-3e2c-4c9a-87c8-d0cfd3efebd9}</UniqueIdentifier>
    </Filter>
    <Filter Include="Source Files\sqstdlib">
      <UniqueIdentifier>{a686aa03-691d-412a-9529-d5fc3ee41388}</UniqueIdentifier>
    </Filter>
    <Filter Include="Header Files\squirrel">
      <UniqueIdentifier>{b6dfaf4f-ee8a-42a0-889e-347ee6118a15}</UniqueIdentifier>
    </Filter>
    <Filter Include="Header Files\sqstdlib">
      <UniqueIdentifier>{1b1799b7-b118-4a4d-b47a-b9697734699f}</UniqueIdentifier>
    </Filter>
  </ItemGroup>
  <ItemGroup>
    <ClInclude Include="SquirrelNET.h">
      <Filter>Header Files</Filter>
    </ClInclude>
    <ClInclude Include="Stdafx.h">
      <Filter>Header Files</Filter>
    </ClInclude>
    <ClInclude Include="resource.h">
      <Filter>Header Files</Filter>
    </ClInclude>
    <ClInclude Include="..\..\SQUIRREL3\sqstdlib\sqstdblobimpl.h">
      <Filter>Header Files\sqstdlib</Filter>
    </ClInclude>
    <ClInclude Include="..\..\SQUIRREL3\sqstdlib\sqstdstream.h">
      <Filter>Header Files\sqstdlib</Filter>
    </ClInclude>
    <ClInclude Include="..\..\SQUIRREL3\squirrel\sqarray.h">
      <Filter>Header Files\squirrel</Filter>
    </ClInclude>
    <ClInclude Include="..\..\SQUIRREL3\squirrel\sqclass.h">
      <Filter>Header Files\squirrel</Filter>
    </ClInclude>
    <ClInclude Include="..\..\SQUIRREL3\squirrel\sqclosure.h">
      <Filter>Header Files\squirrel</Filter>
    </ClInclude>
    <ClInclude Include="..\..\SQUIRREL3\squirrel\sqcompiler.h">
      <Filter>Header Files\squirrel</Filter>
    </ClInclude>
    <ClInclude Include="..\..\SQUIRREL3\squirrel\sqfuncproto.h">
      <Filter>Header Files\squirrel</Filter>
    </ClInclude>
    <ClInclude Include="..\..\SQUIRREL3\squirrel\sqfuncstate.h">
      <Filter>Header Files\squirrel</Filter>
    </ClInclude>
    <ClInclude Include="..\..\SQUIRREL3\squirrel\sqlexer.h">
      <Filter>Header Files\squirrel</Filter>
    </ClInclude>
    <ClInclude Include="..\..\SQUIRREL3\squirrel\sqobject.h">
      <Filter>Header Files\squirrel</Filter>
    </ClInclude>
    <ClInclude Include="..\..\SQUIRREL3\squirrel\sqopcodes.h">
      <Filter>Header Files\squirrel</Filter>
    </ClInclude>
    <ClInclude Include="..\..\SQUIRREL3\squirrel\sqpcheader.h">
      <Filter>Header Files\squirrel</Filter>
    </ClInclude>
    <ClInclude Include="..\..\SQUIRREL3\squirrel\sqstate.h">
      <Filter>Header Files\squirrel</Filter>
    </ClInclude>
    <ClInclude Include="..\..\SQUIRREL3\squirrel\sqstring.h">
      <Filter>Header Files\squirrel</Filter>
    </ClInclude>
    <ClInclude Include="..\..\SQUIRREL3\squirrel\sqtable.h">
      <Filter>Header Files\squirrel</Filter>
    </ClInclude>
    <ClInclude Include="..\..\SQUIRREL3\squirrel\squserdata.h">
      <Filter>Header Files\squirrel</Filter>
    </ClInclude>
    <ClInclude Include="..\..\SQUIRREL3\squirrel\squtils.h">
      <Filter>Header Files\squirrel</Filter>
    </ClInclude>
    <ClInclude Include="..\..\SQUIRREL3\squirrel\sqvm.h">
      <Filter>Header Files\squirrel</Filter>
    </ClInclude>
  </ItemGroup>
  <ItemGroup>
    <ClCompile Include="SquirrelNET.cpp">
      <Filter>Source Files</Filter>
    </ClCompile>
    <ClCompile Include="AssemblyInfo.cpp">
      <Filter>Source Files</Filter>
    </ClCompile>
    <ClCompile Include="Stdafx.cpp">
      <Filter>Source Files</Filter>
    </ClCompile>
    <ClCompile Include="..\..\SQUIRREL3\squirrel\sqapi.cpp">
      <Filter>Source Files\squirrel</Filter>
    </ClCompile>
    <ClCompile Include="..\..\SQUIRREL3\squirrel\sqbaselib.cpp">
      <Filter>Source Files\squirrel</Filter>
    </ClCompile>
    <ClCompile Include="..\..\SQUIRREL3\squirrel\sqclass.cpp">
      <Filter>Source Files\squirrel</Filter>
    </ClCompile>
    <ClCompile Include="..\..\SQUIRREL3\squirrel\sqcompiler.cpp">
      <Filter>Source Files\squirrel</Filter>
    </ClCompile>
    <ClCompile Include="..\..\SQUIRREL3\squirrel\sqdebug.cpp">
      <Filter>Source Files\squirrel</Filter>
    </ClCompile>
    <ClCompile Include="..\..\SQUIRREL3\squirrel\sqfuncstate.cpp">
      <Filter>Source Files\squirrel</Filter>
    </ClCompile>
    <ClCompile Include="..\..\SQUIRREL3\squirrel\sqlexer.cpp">
      <Filter>Source Files\squirrel</Filter>
    </ClCompile>
    <ClCompile Include="..\..\SQUIRREL3\squirrel\sqmem.cpp">
      <Filter>Source Files\squirrel</Filter>
    </ClCompile>
    <ClCompile Include="..\..\SQUIRREL3\squirrel\sqobject.cpp">
      <Filter>Source Files\squirrel</Filter>
    </ClCompile>
    <ClCompile Include="..\..\SQUIRREL3\squirrel\sqstate.cpp">
      <Filter>Source Files\squirrel</Filter>
    </ClCompile>
    <ClCompile Include="..\..\SQUIRREL3\squirrel\sqtable.cpp">
      <Filter>Source Files\squirrel</Filter>
    </ClCompile>
    <ClCompile Include="..\..\SQUIRREL3\squirrel\sqvm.cpp">
      <Filter>Source Files\squirrel</Filter>
    </ClCompile>
    <ClCompile Include="..\..\SQUIRREL3\sqstdlib\sqstdaux.cpp">
      <Filter>Source Files\sqstdlib</Filter>
    </ClCompile>
    <ClCompile Include="..\..\SQUIRREL3\sqstdlib\sqstdblob.cpp">
      <Filter>Source Files\sqstdlib</Filter>
    </ClCompile>
    <ClCompile Include="..\..\SQUIRREL3\sqstdlib\sqstdio.cpp">
      <Filter>Source Files\sqstdlib</Filter>
    </ClCompile>
    <ClCompile Include="..\..\SQUIRREL3\sqstdlib\sqstdmath.cpp">
      <Filter>Source Files\sqstdlib</Filter>
    </ClCompile>
    <ClCompile Include="..\..\SQUIRREL3\sqstdlib\sqstdrex.cpp">
      <Filter>Source Files\sqstdlib</Filter>
    </ClCompile>
    <ClCompile Include="..\..\SQUIRREL3\sqstdlib\sqstdstream.cpp">
      <Filter>Source Files\sqstdlib</Filter>
    </ClCompile>
    <ClCompile Include="..\..\SQUIRREL3\sqstdlib\sqstdstring.cpp">
      <Filter>Source Files\sqstdlib</Filter>
    </ClCompile>
    <ClCompile Include="..\..\SQUIRREL3\sqstdlib\sqstdsystem.cpp">
      <Filter>Source Files\sqstdlib</Filter>
    </ClCompile>
  </ItemGroup>
  <ItemGroup>
    <ResourceCompile Include="app.rc">
      <Filter>Resource Files</Filter>
    </ResourceCompile>
  </ItemGroup>
  <ItemGroup>
    <Image Include="app.ico">
      <Filter>Resource Files</Filter>
    </Image>
  </ItemGroup>
  <ItemGroup>
    <Text Include="TO_FUCKING_DO.txt" />
  </ItemGroup>
</Project>